// !$*UTF8*$!
{
	archiveVersion = 1;
	classes = {
	};
	objectVersion = 46;
	objects = {

/* Begin PBXBuildFile section */
		223FB67014B44E36008263AE /* UIKit.framework in Frameworks */ = {isa = PBXBuildFile; fileRef = 223FB66F14B44E36008263AE /* UIKit.framework */; };
		223FB67214B44E36008263AE /* Foundation.framework in Frameworks */ = {isa = PBXBuildFile; fileRef = 223FB67114B44E36008263AE /* Foundation.framework */; };
		223FB67414B44E36008263AE /* CoreGraphics.framework in Frameworks */ = {isa = PBXBuildFile; fileRef = 223FB67314B44E36008263AE /* CoreGraphics.framework */; };
		223FB67A14B44E36008263AE /* InfoPlist.strings in Resources */ = {isa = PBXBuildFile; fileRef = 223FB67814B44E36008263AE /* InfoPlist.strings */; };
		223FB67C14B44E36008263AE /* main.m in Sources */ = {isa = PBXBuildFile; fileRef = 223FB67B14B44E36008263AE /* main.m */; };
		223FB68014B44E36008263AE /* AppDelegate.m in Sources */ = {isa = PBXBuildFile; fileRef = 223FB67F14B44E36008263AE /* AppDelegate.m */; };
		223FB68314B44E36008263AE /* MainStoryboard.storyboard in Resources */ = {isa = PBXBuildFile; fileRef = 223FB68114B44E36008263AE /* MainStoryboard.storyboard */; };
		223FB68614B44E36008263AE /* ViewController.m in Sources */ = {isa = PBXBuildFile; fileRef = 223FB68514B44E36008263AE /* ViewController.m */; };
		223FB68E14B44E36008263AE /* SenTestingKit.framework in Frameworks */ = {isa = PBXBuildFile; fileRef = 223FB68D14B44E36008263AE /* SenTestingKit.framework */; };
		223FB68F14B44E36008263AE /* UIKit.framework in Frameworks */ = {isa = PBXBuildFile; fileRef = 223FB66F14B44E36008263AE /* UIKit.framework */; };
		223FB69014B44E36008263AE /* Foundation.framework in Frameworks */ = {isa = PBXBuildFile; fileRef = 223FB67114B44E36008263AE /* Foundation.framework */; };
		223FB69814B44E36008263AE /* InfoPlist.strings in Resources */ = {isa = PBXBuildFile; fileRef = 223FB69614B44E36008263AE /* InfoPlist.strings */; };
		223FB69B14B44E36008263AE /* keybordTests.m in Sources */ = {isa = PBXBuildFile; fileRef = 223FB69A14B44E36008263AE /* keybordTests.m */; };
/* End PBXBuildFile section */

/* Begin PBXContainerItemProxy section */
		223FB69114B44E36008263AE /* PBXContainerItemProxy */ = {
			isa = PBXContainerItemProxy;
			containerPortal = 223FB66214B44E35008263AE /* Project object */;
			proxyType = 1;
			remoteGlobalIDString = 223FB66A14B44E35008263AE;
			remoteInfo = keybord;
		};
/* End PBXContainerItemProxy section */

/* Begin PBXFileReference section */
		223FB66B14B44E35008263AE /* keybord.app */ = {isa = PBXFileReference; explicitFileType = wrapper.application; includeInIndex = 0; path = keybord.app; sourceTree = BUILT_PRODUCTS_DIR; };
		223FB66F14B44E36008263AE /* UIKit.framework */ = {isa = PBXFileReference; lastKnownFileType = wrapper.framework; name = UIKit.framework; path = System/Library/Frameworks/UIKit.framework; sourceTree = SDKROOT; };
		223FB67114B44E36008263AE /* Foundation.framework */ = {isa = PBXFileReference; lastKnownFileType = wrapper.framework; name = Foundation.framework; path = System/Library/Frameworks/Foundation.framework; sourceTree = SDKROOT; };
		223FB67314B44E36008263AE /* CoreGraphics.framework */ = {isa = PBXFileReference; lastKnownFileType = wrapper.framework; name = CoreGraphics.framework; path = System/Library/Frameworks/CoreGraphics.framework; sourceTree = SDKROOT; };
		223FB67714B44E36008263AE /* keybord-Info.plist */ = {isa = PBXFileReference; path = "keybord-Info.plist"; sourceTree = "<group>"; };
		223FB67914B44E36008263AE /* en */ = {isa = PBXFileReference; lastKnownFileType = text.plist.strings; name = en; path = en.lproj/InfoPlist.strings; sourceTree = "<group>"; };
		223FB67B14B44E36008263AE /* main.m */ = {isa = PBXFileReference; lastKnownFileType = sourcecode.c.objc; path = main.m; sourceTree = "<group>"; };
		223FB67D14B44E36008263AE /* keybord-Prefix.pch */ = {isa = PBXFileReference; path = "keybord-Prefix.pch"; sourceTree = "<group>"; };
		223FB67E14B44E36008263AE /* AppDelegate.h */ = {isa = PBXFileReference; path = AppDelegate.h; sourceTree = "<group>"; };
		223FB67F14B44E36008263AE /* AppDelegate.m */ = {isa = PBXFileReference; lastKnownFileType = sourcecode.c.objc; path = AppDelegate.m; sourceTree = "<group>"; };
		223FB68214B44E36008263AE /* en */ = {isa = PBXFileReference; lastKnownFileType = file.storyboard; name = en; path = en.lproj/MainStoryboard.storyboard; sourceTree = "<group>"; };
		223FB68414B44E36008263AE /* ViewController.h */ = {isa = PBXFileReference; path = ViewController.h; sourceTree = "<group>"; };
		223FB68514B44E36008263AE /* ViewController.m */ = {isa = PBXFileReference; lastKnownFileType = sourcecode.c.objc; path = ViewController.m; sourceTree = "<group>"; };
		223FB68C14B44E36008263AE /* keybordTests.octest */ = {isa = PBXFileReference; explicitFileType = wrapper.cfbundle; includeInIndex = 0; path = keybordTests.octest; sourceTree = BUILT_PRODUCTS_DIR; };
		223FB68D14B44E36008263AE /* SenTestingKit.framework */ = {isa = PBXFileReference; lastKnownFileType = wrapper.framework; name = SenTestingKit.framework; path = Library/Frameworks/SenTestingKit.framework; sourceTree = DEVELOPER_DIR; };
		223FB69514B44E36008263AE /* keybordTests-Info.plist */ = {isa = PBXFileReference; path = "keybordTests-Info.plist"; sourceTree = "<group>"; };
		223FB69714B44E36008263AE /* en */ = {isa = PBXFileReference; lastKnownFileType = text.plist.strings; name = en; path = en.lproj/InfoPlist.strings; sourceTree = "<group>"; };
		223FB69914B44E36008263AE /* keybordTests.h */ = {isa = PBXFileReference; path = keybordTests.h; sourceTree = "<group>"; };
		223FB69A14B44E36008263AE /* keybordTests.m */ = {isa = PBXFileReference; lastKnownFileType = sourcecode.c.objc; path = keybordTests.m; sourceTree = "<group>"; };
/* End PBXFileReference section */

/* Begin PBXFrameworksBuildPhase section */
		223FB66814B44E35008263AE /* Frameworks */ = {
			isa = PBXFrameworksBuildPhase;
			buildActionMask = 2147483647;
			files = (
				223FB67014B44E36008263AE /* UIKit.framework in Frameworks */,
				223FB67214B44E36008263AE /* Foundation.framework in Frameworks */,
				223FB67414B44E36008263AE /* CoreGraphics.framework in Frameworks */,
			);
			runOnlyForDeploymentPostprocessing = 0;
		};
		223FB68814B44E36008263AE /* Frameworks */ = {
			isa = PBXFrameworksBuildPhase;
			buildActionMask = 2147483647;
			files = (
				223FB68E14B44E36008263AE /* SenTestingKit.framework in Frameworks */,
				223FB68F14B44E36008263AE /* UIKit.framework in Frameworks */,
				223FB69014B44E36008263AE /* Foundation.framework in Frameworks */,
			);
			runOnlyForDeploymentPostprocessing = 0;
		};
/* End PBXFrameworksBuildPhase section */

/* Begin PBXGroup section */
		223FB66014B44E34008263AE = {
			isa = PBXGroup;
			children = (
				223FB67514B44E36008263AE /* keybord */,
				223FB69314B44E36008263AE /* keybordTests */,
				223FB66E14B44E36008263AE /* Frameworks */,
				223FB66C14B44E35008263AE /* Products */,
			);
			sourceTree = "<group>";
		};
		223FB66C14B44E35008263AE /* Products */ = {
			isa = PBXGroup;
			children = (
				223FB66B14B44E35008263AE /* keybord.app */,
				223FB68C14B44E36008263AE /* keybordTests.octest */,
			);
			name = Products;
			sourceTree = "<group>";
		};
		223FB66E14B44E36008263AE /* Frameworks */ = {
			isa = PBXGroup;
			children = (
				223FB66F14B44E36008263AE /* UIKit.framework */,
				223FB67114B44E36008263AE /* Foundation.framework */,
				223FB67314B44E36008263AE /* CoreGraphics.framework */,
				223FB68D14B44E36008263AE /* SenTestingKit.framework */,
			);
			name = Frameworks;
			sourceTree = "<group>";
		};
		223FB67514B44E36008263AE /* keybord */ = {
			isa = PBXGroup;
			children = (
				223FB67E14B44E36008263AE /* AppDelegate.h */,
				223FB67F14B44E36008263AE /* AppDelegate.m */,
				223FB68114B44E36008263AE /* MainStoryboard.storyboard */,
				223FB68414B44E36008263AE /* ViewController.h */,
				223FB68514B44E36008263AE /* ViewController.m */,
				223FB67614B44E36008263AE /* Supporting Files */,
			);
			path = keybord;
			sourceTree = "<group>";
		};
		223FB67614B44E36008263AE /* Supporting Files */ = {
			isa = PBXGroup;
			children = (
				223FB67714B44E36008263AE /* keybord-Info.plist */,
				223FB67814B44E36008263AE /* InfoPlist.strings */,
				223FB67B14B44E36008263AE /* main.m */,
				223FB67D14B44E36008263AE /* keybord-Prefix.pch */,
			);
			name = "Supporting Files";
			sourceTree = "<group>";
		};
		223FB69314B44E36008263AE /* keybordTests */ = {
			isa = PBXGroup;
			children = (
				223FB69914B44E36008263AE /* keybordTests.h */,
				223FB69A14B44E36008263AE /* keybordTests.m */,
				223FB69414B44E36008263AE /* Supporting Files */,
			);
			path = keybordTests;
			sourceTree = "<group>";
		};
		223FB69414B44E36008263AE /* Supporting Files */ = {
			isa = PBXGroup;
			children = (
				223FB69514B44E36008263AE /* keybordTests-Info.plist */,
				223FB69614B44E36008263AE /* InfoPlist.strings */,
			);
			name = "Supporting Files";
			sourceTree = "<group>";
		};
/* End PBXGroup section */

/* Begin PBXNativeTarget section */
		223FB66A14B44E35008263AE /* keybord */ = {
			isa = PBXNativeTarget;
			buildConfigurationList = 223FB69E14B44E36008263AE /* Build configuration list for PBXNativeTarget "keybord" */;
			buildPhases = (
				223FB66714B44E35008263AE /* Sources */,
				223FB66814B44E35008263AE /* Frameworks */,
				223FB66914B44E35008263AE /* Resources */,
			);
			buildRules = (
			);
			dependencies = (
			);
			name = keybord;
			productName = keybord;
			productReference = 223FB66B14B44E35008263AE /* keybord.app */;
			productType = "com.apple.product-type.application";
		};
		223FB68B14B44E36008263AE /* keybordTests */ = {
			isa = PBXNativeTarget;
			buildConfigurationList = 223FB6A114B44E36008263AE /* Build configuration list for PBXNativeTarget "keybordTests" */;
			buildPhases = (
				223FB68714B44E36008263AE /* Sources */,
				223FB68814B44E36008263AE /* Frameworks */,
				223FB68914B44E36008263AE /* Resources */,
				223FB68A14B44E36008263AE /* ShellScript */,
			);
			buildRules = (
			);
			dependencies = (
				223FB69214B44E36008263AE /* PBXTargetDependency */,
			);
			name = keybordTests;
			productName = keybordTests;
			productReference = 223FB68C14B44E36008263AE /* keybordTests.octest */;
			productType = "com.apple.product-type.bundle";
		};
/* End PBXNativeTarget section */

/* Begin PBXProject section */
		223FB66214B44E35008263AE /* Project object */ = {
			isa = PBXProject;
			attributes = {
				LastUpgradeCheck = 0420;
			};
			buildConfigurationList = 223FB66514B44E35008263AE /* Build configuration list for PBXProject "keybord" */;
			compatibilityVersion = "Xcode 3.2";
			developmentRegion = English;
			hasScannedForEncodings = 0;
			knownRegions = (
				en,
			);
			mainGroup = 223FB66014B44E34008263AE;
			productRefGroup = 223FB66C14B44E35008263AE /* Products */;
			projectDirPath = "";
			projectRoot = "";
			targets = (
				223FB66A14B44E35008263AE /* keybord */,
				223FB68B14B44E36008263AE /* keybordTests */,
			);
		};
/* End PBXProject section */

/* Begin PBXResourcesBuildPhase section */
		223FB66914B44E35008263AE /* Resources */ = {
			isa = PBXResourcesBuildPhase;
			buildActionMask = 2147483647;
			files = (
				223FB67A14B44E36008263AE /* InfoPlist.strings in Resources */,
				223FB68314B44E36008263AE /* MainStoryboard.storyboard in Resources */,
			);
			runOnlyForDeploymentPostprocessing = 0;
		};
		223FB68914B44E36008263AE /* Resources */ = {
			isa = PBXResourcesBuildPhase;
			buildActionMask = 2147483647;
			files = (
				223FB69814B44E36008263AE /* InfoPlist.strings in Resources */,
			);
			runOnlyForDeploymentPostprocessing = 0;
		};
/* End PBXResourcesBuildPhase section */

/* Begin PBXShellScriptBuildPhase section */
		223FB68A14B44E36008263AE /* ShellScript */ = {
			isa = PBXShellScriptBuildPhase;
			buildActionMask = 2147483647;
			files = (
			);
			inputPaths = (
			);
			outputPaths = (
			);
			runOnlyForDeploymentPostprocessing = 0;
			shellPath = /bin/sh;
			shellScript = "# Run the unit tests in this test bundle.\n\"${SYSTEM_DEVELOPER_DIR}/Tools/RunUnitTests\"\n";
		};
/* End PBXShellScriptBuildPhase section */

/* Begin PBXSourcesBuildPhase section */
		223FB66714B44E35008263AE /* Sources */ = {
			isa = PBXSourcesBuildPhase;
			buildActionMask = 2147483647;
			files = (
				223FB67C14B44E36008263AE /* main.m in Sources */,
				223FB68014B44E36008263AE /* AppDelegate.m in Sources */,
				223FB68614B44E36008263AE /* ViewController.m in Sources */,
			);
			runOnlyForDeploymentPostprocessing = 0;
		};
		223FB68714B44E36008263AE /* Sources */ = {
			isa = PBXSourcesBuildPhase;
			buildActionMask = 2147483647;
			files = (
				223FB69B14B44E36008263AE /* keybordTests.m in Sources */,
			);
			runOnlyForDeploymentPostprocessing = 0;
		};
/* End PBXSourcesBuildPhase section */

/* Begin PBXTargetDependency section */
		223FB69214B44E36008263AE /* PBXTargetDependency */ = {
			isa = PBXTargetDependency;
			target = 223FB66A14B44E35008263AE /* keybord */;
			targetProxy = 223FB69114B44E36008263AE /* PBXContainerItemProxy */;
		};
/* End PBXTargetDependency section */

/* Begin PBXVariantGroup section */
		223FB67814B44E36008263AE /* InfoPlist.strings */ = {
			isa = PBXVariantGroup;
			children = (
				223FB67914B44E36008263AE /* en */,
			);
			name = InfoPlist.strings;
			sourceTree = "<group>";
		};
		223FB68114B44E36008263AE /* MainStoryboard.storyboard */ = {
			isa = PBXVariantGroup;
			children = (
				223FB68214B44E36008263AE /* en */,
			);
			name = MainStoryboard.storyboard;
			sourceTree = "<group>";
		};
		223FB69614B44E36008263AE /* InfoPlist.strings */ = {
			isa = PBXVariantGroup;
			children = (
				223FB69714B44E36008263AE /* en */,
			);
			name = InfoPlist.strings;
			sourceTree = "<group>";
		};
/* End PBXVariantGroup section */

/* Begin XCBuildConfiguration section */
		223FB69C14B44E36008263AE /* Debug */ = {
			isa = XCBuildConfiguration;
			buildSettings = {
				ALWAYS_SEARCH_USER_PATHS = NO;
				ARCHS = "$(ARCHS_STANDARD_32_BIT)";
				"CODE_SIGN_IDENTITY[sdk=iphoneos*]" = "iPhone Developer";
				COPY_PHASE_STRIP = NO;
				GCC_C_LANGUAGE_STANDARD = gnu99;
				GCC_DYNAMIC_NO_PIC = NO;
				GCC_OPTIMIZATION_LEVEL = 0;
				GCC_PREPROCESSOR_DEFINITIONS = (
					"DEBUG=1",
					"$(inherited)",
				);
				GCC_SYMBOLS_PRIVATE_EXTERN = NO;
				GCC_VERSION = com.apple.compilers.llvm.clang.1_0;
				GCC_WARN_ABOUT_MISSING_PROTOTYPES = YES;
				GCC_WARN_ABOUT_RETURN_TYPE = YES;
				GCC_WARN_UNUSED_VARIABLE = YES;
				IPHONEOS_DEPLOYMENT_TARGET = 5.0;
				SDKROOT = iphoneos;
			};
			name = Debug;
		};
		223FB69D14B44E36008263AE /* Release */ = {
			isa = XCBuildConfiguration;
			buildSettings = {
				ALWAYS_SEARCH_USER_PATHS = NO;
				ARCHS = "$(ARCHS_STANDARD_32_BIT)";
				"CODE_SIGN_IDENTITY[sdk=iphoneos*]" = "iPhone Developer";
				COPY_PHASE_STRIP = YES;
				GCC_C_LANGUAGE_STANDARD = gnu99;
				GCC_VERSION = com.apple.compilers.llvm.clang.1_0;
				GCC_WARN_ABOUT_MISSING_PROTOTYPES = YES;
				GCC_WARN_ABOUT_RETURN_TYPE = YES;
				GCC_WARN_UNUSED_VARIABLE = YES;
				IPHONEOS_DEPLOYMENT_TARGET = 5.0;
				OTHER_CFLAGS = "-DNS_BLOCK_ASSERTIONS=1";
				SDKROOT = iphoneos;
				VALIDATE_PRODUCT = YES;
			};
			name = Release;
		};
		223FB69F14B44E36008263AE /* Debug */ = {
			isa = XCBuildConfiguration;
			buildSettings = {
				GCC_PRECOMPILE_PREFIX_HEADER = YES;
				GCC_PREFIX_HEADER = "keybord/keybord-Prefix.pch";
				INFOPLIST_FILE = "keybord/keybord-Info.plist";
				PRODUCT_NAME = "$(TARGET_NAME)";
				WRAPPER_EXTENSION = app;
			};
			name = Debug;
		};
		223FB6A014B44E36008263AE /* Release */ = {
			isa = XCBuildConfiguration;
			buildSettings = {
				GCC_PRECOMPILE_PREFIX_HEADER = YES;
				GCC_PREFIX_HEADER = "keybord/keybord-Prefix.pch";
				INFOPLIST_FILE = "keybord/keybord-Info.plist";
				PRODUCT_NAME = "$(TARGET_NAME)";
				WRAPPER_EXTENSION = app;
			};
			name = Release;
		};
		223FB6A214B44E36008263AE /* Debug */ = {
			isa = XCBuildConfiguration;
			buildSettings = {
				BUNDLE_LOADER = "$(BUILT_PRODUCTS_DIR)/keybord.app/keybord";
				FRAMEWORK_SEARCH_PATHS = (
					"$(SDKROOT)/Developer/Library/Frameworks",
					"$(DEVELOPER_LIBRARY_DIR)/Frameworks",
				);
				GCC_PRECOMPILE_PREFIX_HEADER = YES;
				GCC_PREFIX_HEADER = "keybord/keybord-Prefix.pch";
				INFOPLIST_FILE = "keybordTests/keybordTests-Info.plist";
				PRODUCT_NAME = "$(TARGET_NAME)";
				TEST_HOST = "$(BUNDLE_LOADER)";
				WRAPPER_EXTENSION = octest;
			};
			name = Debug;
		};
		223FB6A314B44E36008263AE /* Release */ = {
			isa = XCBuildConfiguration;
			buildSettings = {
				BUNDLE_LOADER = "$(BUILT_PRODUCTS_DIR)/keybord.app/keybord";
				FRAMEWORK_SEARCH_PATHS = (
					"$(SDKROOT)/Developer/Library/Frameworks",
					"$(DEVELOPER_LIBRARY_DIR)/Frameworks",
				);
				GCC_PRECOMPILE_PREFIX_HEADER = YES;
				GCC_PREFIX_HEADER = "keybord/keybord-Prefix.pch";
				INFOPLIST_FILE = "keybordTests/keybordTests-Info.plist";
				PRODUCT_NAME = "$(TARGET_NAME)";
				TEST_HOST = "$(BUNDLE_LOADER)";
				WRAPPER_EXTENSION = octest;
			};
			name = Release;
		};
/* End XCBuildConfiguration section */

/* Begin XCConfigurationList section */
		223FB66514B44E35008263AE /* Build configuration list for PBXProject "keybord" */ = {
			isa = XCConfigurationList;
			buildConfigurations = (
				223FB69C14B44E36008263AE /* Debug */,
				223FB69D14B44E36008263AE /* Release */,
			);
			defaultConfigurationIsVisible = 0;
			defaultConfigurationName = Release;
		};
		223FB69E14B44E36008263AE /* Build configuration list for PBXNativeTarget "keybord" */ = {
			isa = XCConfigurationList;
			buildConfigurations = (
				223FB69F14B44E36008263AE /* Debug */,
				223FB6A014B44E36008263AE /* Release */,
			);
			defaultConfigurationIsVisible = 0;
		};
		223FB6A114B44E36008263AE /* Build configuration list for PBXNativeTarget "keybordTests" */ = {
			isa = XCConfigurationList;
			buildConfigurations = (
				223FB6A214B44E36008263AE /* Debug */,
				223FB6A314B44E36008263AE /* Release */,
			);
			defaultConfigurationIsVisible = 0;
		};
/* End XCConfigurationList section */
	};
	rootObject = 223FB66214B44E35008263AE /* Project object */;
}
